
Microsoft Visual Studio Solution File, Format Version 12.00
# Visual Studio 2013
VisualStudioVersion = 12.0.40629.0
MinimumVisualStudioVersion = 10.0.40219.1
Project("{FAE04EC0-301F-11D3-BF4B-00C04F79EFBC}") = "KesselRun.Extensions", "KesselRun.Extensions\KesselRun.Extensions.csproj", "{34C0DDA1-DCA7-4FC0-83D5-B8AC23C4FF1A}"
EndProject
Project("{FAE04EC0-301F-11D3-BF4B-00C04F79EFBC}") = "KesselRun.Extensions.Tests", "KesselRun.Extensions.Tests\KesselRun.Extensions.Tests.csproj", "{47F02BDB-78CC-4F78-BBDC-B71A864E6DBA}"
EndProject
Project("{2150E333-8FDC-42A3-9474-1A3956D46DE8}") = ".nuget", ".nuget", "{D978DE07-0E13-464C-B8AC-FF9D9B48C0DC}"
	ProjectSection(SolutionItems) = preProject
		.nuget\NuGet.Config = .nuget\NuGet.Config
		.nuget\NuGet.exe = .nuget\NuGet.exe
		.nuget\NuGet.targets = .nuget\NuGet.targets
	EndProjectSection
EndProject
Global
	GlobalSection(SolutionConfigurationPlatforms) = preSolution
		Debug|Any CPU = Debug|Any CPU
		Release|Any CPU = Release|Any CPU
	EndGlobalSection
	GlobalSection(ProjectConfigurationPlatforms) = postSolution
		{34C0DDA1-DCA7-4FC0-83D5-B8AC23C4FF1A}.Debug|Any CPU.ActiveCfg = Debug|Any CPU
		{34C0DDA1-DCA7-4FC0-83D5-B8AC23C4FF1A}.Debug|Any CPU.Build.0 = Debug|Any CPU
		{34C0DDA1-DCA7-4FC0-83D5-B8AC23C4FF1A}.Release|Any CPU.ActiveCfg = Release|Any CPU
		{34C0DDA1-DCA7-4FC0-83D5-B8AC23C4FF1A}.Release|Any CPU.Build.0 = Release|Any CPU
		{47F02BDB-78CC-4F78-BBDC-B71A864E6DBA}.Debug|Any CPU.ActiveCfg = Debug|Any CPU
		{47F02BDB-78CC-4F78-BBDC-B71A864E6DBA}.Debug|Any CPU.Build.0 = Debug|Any CPU
		{47F02BDB-78CC-4F78-BBDC-B71A864E6DBA}.Release|Any CPU.ActiveCfg = Release|Any CPU
		{47F02BDB-78CC-4F78-BBDC-B71A864E6DBA}.Release|Any CPU.Build.0 = Release|Any CPU
	EndGlobalSection
	GlobalSection(SolutionProperties) = preSolution
		HideSolutionNode = FALSE
	EndGlobalSection
EndGlobal
